
Microsoft Visual Studio Solution File, Format Version 12.00
# Visual Studio Version 17
VisualStudioVersion = 17.5.002.0
MinimumVisualStudioVersion = 10.0.40219.1
Project("{9A19103F-16F7-4668-BE54-9A1E7A4F7556}") = "PlatformService", "PlatformService.csproj", "{B91EF6B7-5A9A-4CA7-8511-871C83F0C0F2}"
EndProject
Global
	GlobalSection(SolutionConfigurationPlatforms) = preSolution
		Debug|Any CPU = Debug|Any CPU
		Release|Any CPU = Release|Any CPU
	EndGlobalSection
	GlobalSection(ProjectConfigurationPlatforms) = postSolution
		{B91EF6B7-5A9A-4CA7-8511-871C83F0C0F2}.Debug|Any CPU.ActiveCfg = Debug|Any CPU
		{B91EF6B7-5A9A-4CA7-8511-871C83F0C0F2}.Debug|Any CPU.Build.0 = Debug|Any CPU
		{B91EF6B7-5A9A-4CA7-8511-871C83F0C0F2}.Release|Any CPU.ActiveCfg = Release|Any CPU
		{B91EF6B7-5A9A-4CA7-8511-871C83F0C0F2}.Release|Any CPU.Build.0 = Release|Any CPU
	EndGlobalSection
	GlobalSection(SolutionProperties) = preSolution
		HideSolutionNode = FALSE
	EndGlobalSection
	GlobalSection(ExtensibilityGlobals) = postSolution
		SolutionGuid = {CB5DBBAD-96D1-44A3-BC2C-978B431A4E6F}
	EndGlobalSection
EndGlobal
